Microsoft Visual Studio Solution File, Format Version 12.00
# Visual Studio 15
VisualStudioVersion = 15.0.28010.2016
MinimumVisualStudioVersion = 10.0.40219.1
Project("{FAE04EC0-301F-11D3-BF4B-00C04F79EFBC}") = "aclara_meters.Android", "aclara_meters.Android\aclara_meters.Android.csproj", "{C575974E-22A1-4C63-B127-4C89D873DBA3}"
EndProject
Project("{FAE04EC0-301F-11D3-BF4B-00C04F79EFBC}") = "aclara_meters.iOS", "aclara_meters.iOS\aclara_meters.iOS.csproj", "{6647D796-74D3-48BC-8011-1E783F835121}"
EndProject
Project("{9A19103F-16F7-4668-BE54-9A1E7A4F7556}") = "aclara_meters", "aclara_meters\aclara_meters.csproj", "{81D262C1-FBC5-40E5-941A-A4CD3727E932}"
EndProject
Project("{9A19103F-16F7-4668-BE54-9A1E7A4F7556}") = "ble_library", "ble_library\ble_library.csproj", "{8CB6F328-19DD-414E-8925-224894C76FF9}"
EndProject
Project("{FAE04EC0-301F-11D3-BF4B-00C04F79EFBC}") = "AclaraMetersShareExtension", "AclaraMetersShareExtension\AclaraMetersShareExtension.csproj", "{884ACC36-012A-4AFC-AAAC-1A85B0D17616}"
EndProject
Project("{9A19103F-16F7-4668-BE54-9A1E7A4F7556}") = "MTUComm", "MTUComm\MTUComm.csproj", "{20113951-5BD8-473F-BC70-7AF5F875C305}"
EndProject
Project("{9A19103F-16F7-4668-BE54-9A1E7A4F7556}") = "Xml", "Xml\Xml.csproj", "{24AEF988-DFC4-49B1-9343-6AB379CB5AAC}"
EndProject
Project("{9A19103F-16F7-4668-BE54-9A1E7A4F7556}") = "Lexi", "Lexi\Lexi.csproj", "{F2C69001-7FA1-4A03-A434-ABF1AF43FF9E}"
EndProject
Project("{9A19103F-16F7-4668-BE54-9A1E7A4F7556}") = "UnitTest", "UnitTest\UnitTest.csproj", "{FFA26D19-CF18-4BE2-8432-28C3D6C50A24}"
EndProject
Global
	GlobalSection(SolutionConfigurationPlatforms) = preSolution
		Ad-Hoc|Any CPU = Ad-Hoc|Any CPU
		Ad-Hoc|iPhone = Ad-Hoc|iPhone
		Ad-Hoc|iPhoneSimulator = Ad-Hoc|iPhoneSimulator
		AppStore|Any CPU = AppStore|Any CPU
		AppStore|iPhone = AppStore|iPhone
		AppStore|iPhoneSimulator = AppStore|iPhoneSimulator
		Debug|Any CPU = Debug|Any CPU
		Debug|iPhone = Debug|iPhone
		Debug|iPhoneSimulator = Debug|iPhoneSimulator
		Release|Any CPU = Release|Any CPU
		Release|iPhone = Release|iPhone
		Release|iPhoneSimulator = Release|iPhoneSimulator
	EndGlobalSection
	GlobalSection(ProjectConfigurationPlatforms) = postSolution
		{C575974E-22A1-4C63-B127-4C89D873DBA3}.Ad-Hoc|Any CPU.ActiveCfg = Release|Any CPU
		{C575974E-22A1-4C63-B127-4C89D873DBA3}.Ad-Hoc|Any CPU.Build.0 = Release|Any CPU
		{C575974E-22A1-4C63-B127-4C89D873DBA3}.Ad-Hoc|iPhone.ActiveCfg = Debug|Any CPU
		{C575974E-22A1-4C63-B127-4C89D873DBA3}.Ad-Hoc|iPhone.Build.0 = Debug|Any CPU
		{C575974E-22A1-4C63-B127-4C89D873DBA3}.Ad-Hoc|iPhoneSimulator.ActiveCfg = Release|Any CPU
		{C575974E-22A1-4C63-B127-4C89D873DBA3}.Ad-Hoc|iPhoneSimulator.Build.0 = Release|Any CPU
		{C575974E-22A1-4C63-B127-4C89D873DBA3}.Ad-Hoc|iPhoneSimulator.Deploy.0 = Release|Any CPU
		{C575974E-22A1-4C63-B127-4C89D873DBA3}.AppStore|Any CPU.ActiveCfg = Release|Any CPU
		{C575974E-22A1-4C63-B127-4C89D873DBA3}.AppStore|Any CPU.Build.0 = Release|Any CPU
		{C575974E-22A1-4C63-B127-4C89D873DBA3}.AppStore|Any CPU.Deploy.0 = Release|Any CPU
		{C575974E-22A1-4C63-B127-4C89D873DBA3}.AppStore|iPhone.ActiveCfg = Debug|Any CPU
		{C575974E-22A1-4C63-B127-4C89D873DBA3}.AppStore|iPhone.Build.0 = Debug|Any CPU
		{C575974E-22A1-4C63-B127-4C89D873DBA3}.AppStore|iPhoneSimulator.ActiveCfg = Release|Any CPU
		{C575974E-22A1-4C63-B127-4C89D873DBA3}.AppStore|iPhoneSimulator.Build.0 = Release|Any CPU
		{C575974E-22A1-4C63-B127-4C89D873DBA3}.AppStore|iPhoneSimulator.Deploy.0 = Release|Any CPU
		{C575974E-22A1-4C63-B127-4C89D873DBA3}.Debug|Any CPU.ActiveCfg = Debug|Any CPU
		{C575974E-22A1-4C63-B127-4C89D873DBA3}.Debug|Any CPU.Build.0 = Debug|Any CPU
		{C575974E-22A1-4C63-B127-4C89D873DBA3}.Debug|Any CPU.Deploy.0 = Debug|Any CPU
		{C575974E-22A1-4C63-B127-4C89D873DBA3}.Debug|iPhone.ActiveCfg = Debug|Any CPU
		{C575974E-22A1-4C63-B127-4C89D873DBA3}.Debug|iPhone.Build.0 = Debug|Any CPU
		{C575974E-22A1-4C63-B127-4C89D873DBA3}.Debug|iPhoneSimulator.ActiveCfg = Debug|Any CPU
		{C575974E-22A1-4C63-B127-4C89D873DBA3}.Debug|iPhoneSimulator.Build.0 = Debug|Any CPU
		{C575974E-22A1-4C63-B127-4C89D873DBA3}.Release|Any CPU.ActiveCfg = Release|Any CPU
		{C575974E-22A1-4C63-B127-4C89D873DBA3}.Release|Any CPU.Build.0 = Release|Any CPU
		{C575974E-22A1-4C63-B127-4C89D873DBA3}.Release|Any CPU.Deploy.0 = Release|Any CPU
		{C575974E-22A1-4C63-B127-4C89D873DBA3}.Release|iPhone.ActiveCfg = Release|Any CPU
		{C575974E-22A1-4C63-B127-4C89D873DBA3}.Release|iPhone.Build.0 = Release|Any CPU
		{C575974E-22A1-4C63-B127-4C89D873DBA3}.Release|iPhoneSimulator.ActiveCfg = Release|Any CPU
		{C575974E-22A1-4C63-B127-4C89D873DBA3}.Release|iPhoneSimulator.Build.0 = Release|Any CPU
		{6647D796-74D3-48BC-8011-1E783F835121}.Ad-Hoc|Any CPU.ActiveCfg = Ad-Hoc|iPhoneSimulator
		{6647D796-74D3-48BC-8011-1E783F835121}.Ad-Hoc|Any CPU.Build.0 = Ad-Hoc|iPhoneSimulator
		{6647D796-74D3-48BC-8011-1E783F835121}.Ad-Hoc|iPhone.ActiveCfg = Ad-Hoc|iPhone
		{6647D796-74D3-48BC-8011-1E783F835121}.Ad-Hoc|iPhone.Build.0 = Ad-Hoc|iPhone
		{6647D796-74D3-48BC-8011-1E783F835121}.Ad-Hoc|iPhoneSimulator.ActiveCfg = Ad-Hoc|iPhoneSimulator
		{6647D796-74D3-48BC-8011-1E783F835121}.Ad-Hoc|iPhoneSimulator.Build.0 = Ad-Hoc|iPhoneSimulator
		{6647D796-74D3-48BC-8011-1E783F835121}.AppStore|Any CPU.ActiveCfg = AppStore|iPhoneSimulator
		{6647D796-74D3-48BC-8011-1E783F835121}.AppStore|iPhone.ActiveCfg = AppStore|iPhone
		{6647D796-74D3-48BC-8011-1E783F835121}.AppStore|iPhone.Build.0 = AppStore|iPhone
		{6647D796-74D3-48BC-8011-1E783F835121}.AppStore|iPhoneSimulator.ActiveCfg = AppStore|iPhoneSimulator
		{6647D796-74D3-48BC-8011-1E783F835121}.AppStore|iPhoneSimulator.Build.0 = AppStore|iPhoneSimulator
		{6647D796-74D3-48BC-8011-1E783F835121}.Debug|Any CPU.ActiveCfg = Debug|iPhone
		{6647D796-74D3-48BC-8011-1E783F835121}.Debug|Any CPU.Build.0 = Debug|iPhone
		{6647D796-74D3-48BC-8011-1E783F835121}.Debug|iPhone.ActiveCfg = Debug|iPhone
		{6647D796-74D3-48BC-8011-1E783F835121}.Debug|iPhone.Build.0 = Debug|iPhone
		{6647D796-74D3-48BC-8011-1E783F835121}.Debug|iPhoneSimulator.ActiveCfg = Debug|iPhoneSimulator
		{6647D796-74D3-48BC-8011-1E783F835121}.Debug|iPhoneSimulator.Build.0 = Debug|iPhoneSimulator
		{6647D796-74D3-48BC-8011-1E783F835121}.Release|Any CPU.ActiveCfg = Release|iPhoneSimulator
		{6647D796-74D3-48BC-8011-1E783F835121}.Release|Any CPU.Build.0 = Release|iPhoneSimulator
		{6647D796-74D3-48BC-8011-1E783F835121}.Release|iPhone.ActiveCfg = Release|iPhone
		{6647D796-74D3-48BC-8011-1E783F835121}.Release|iPhone.Build.0 = Release|iPhone
		{6647D796-74D3-48BC-8011-1E783F835121}.Release|iPhoneSimulator.ActiveCfg = Release|iPhoneSimulator
		{6647D796-74D3-48BC-8011-1E783F835121}.Release|iPhoneSimulator.Build.0 = Release|iPhoneSimulator
		{81D262C1-FBC5-40E5-941A-A4CD3727E932}.Ad-Hoc|Any CPU.ActiveCfg = Release|Any CPU
		{81D262C1-FBC5-40E5-941A-A4CD3727E932}.Ad-Hoc|Any CPU.Build.0 = Release|Any CPU
		{81D262C1-FBC5-40E5-941A-A4CD3727E932}.Ad-Hoc|iPhone.ActiveCfg = Debug|Any CPU
		{81D262C1-FBC5-40E5-941A-A4CD3727E932}.Ad-Hoc|iPhone.Build.0 = Debug|Any CPU
		{81D262C1-FBC5-40E5-941A-A4CD3727E932}.Ad-Hoc|iPhoneSimulator.ActiveCfg = Release|Any CPU
		{81D262C1-FBC5-40E5-941A-A4CD3727E932}.Ad-Hoc|iPhoneSimulator.Build.0 = Release|Any CPU
		{81D262C1-FBC5-40E5-941A-A4CD3727E932}.AppStore|Any CPU.ActiveCfg = Release|Any CPU
		{81D262C1-FBC5-40E5-941A-A4CD3727E932}.AppStore|Any CPU.Build.0 = Release|Any CPU
		{81D262C1-FBC5-40E5-941A-A4CD3727E932}.AppStore|iPhone.ActiveCfg = Debug|Any CPU
		{81D262C1-FBC5-40E5-941A-A4CD3727E932}.AppStore|iPhone.Build.0 = Debug|Any CPU
		{81D262C1-FBC5-40E5-941A-A4CD3727E932}.AppStore|iPhoneSimulator.ActiveCfg = Release|Any CPU
		{81D262C1-FBC5-40E5-941A-A4CD3727E932}.AppStore|iPhoneSimulator.Build.0 = Release|Any CPU
		{81D262C1-FBC5-40E5-941A-A4CD3727E932}.Debug|Any CPU.ActiveCfg = Debug|Any CPU
		{81D262C1-FBC5-40E5-941A-A4CD3727E932}.Debug|Any CPU.Build.0 = Debug|Any CPU
		{81D262C1-FBC5-40E5-941A-A4CD3727E932}.Debug|iPhone.ActiveCfg = Debug|Any CPU
		{81D262C1-FBC5-40E5-941A-A4CD3727E932}.Debug|iPhone.Build.0 = Debug|Any CPU
		{81D262C1-FBC5-40E5-941A-A4CD3727E932}.Debug|iPhoneSimulator.ActiveCfg = Debug|Any CPU
		{81D262C1-FBC5-40E5-941A-A4CD3727E932}.Debug|iPhoneSimulator.Build.0 = Debug|Any CPU
		{81D262C1-FBC5-40E5-941A-A4CD3727E932}.Release|Any CPU.ActiveCfg = Release|Any CPU
		{81D262C1-FBC5-40E5-941A-A4CD3727E932}.Release|Any CPU.Build.0 = Release|Any CPU
		{81D262C1-FBC5-40E5-941A-A4CD3727E932}.Release|iPhone.ActiveCfg = Release|Any CPU
		{81D262C1-FBC5-40E5-941A-A4CD3727E932}.Release|iPhone.Build.0 = Release|Any CPU
		{81D262C1-FBC5-40E5-941A-A4CD3727E932}.Release|iPhoneSimulator.ActiveCfg = Release|Any CPU
		{81D262C1-FBC5-40E5-941A-A4CD3727E932}.Release|iPhoneSimulator.Build.0 = Release|Any CPU
		{8CB6F328-19DD-414E-8925-224894C76FF9}.Ad-Hoc|Any CPU.ActiveCfg = Debug|Any CPU
		{8CB6F328-19DD-414E-8925-224894C76FF9}.Ad-Hoc|Any CPU.Build.0 = Debug|Any CPU
		{8CB6F328-19DD-414E-8925-224894C76FF9}.Ad-Hoc|iPhone.ActiveCfg = Release|Any CPU
		{8CB6F328-19DD-414E-8925-224894C76FF9}.Ad-Hoc|iPhone.Build.0 = Release|Any CPU
		{8CB6F328-19DD-414E-8925-224894C76FF9}.Ad-Hoc|iPhoneSimulator.ActiveCfg = Debug|Any CPU
		{8CB6F328-19DD-414E-8925-224894C76FF9}.Ad-Hoc|iPhoneSimulator.Build.0 = Debug|Any CPU
		{8CB6F328-19DD-414E-8925-224894C76FF9}.AppStore|Any CPU.ActiveCfg = Debug|Any CPU
		{8CB6F328-19DD-414E-8925-224894C76FF9}.AppStore|Any CPU.Build.0 = Debug|Any CPU
		{8CB6F328-19DD-414E-8925-224894C76FF9}.AppStore|iPhone.ActiveCfg = Release|Any CPU
		{8CB6F328-19DD-414E-8925-224894C76FF9}.AppStore|iPhone.Build.0 = Release|Any CPU
		{8CB6F328-19DD-414E-8925-224894C76FF9}.AppStore|iPhoneSimulator.ActiveCfg = Debug|Any CPU
		{8CB6F328-19DD-414E-8925-224894C76FF9}.AppStore|iPhoneSimulator.Build.0 = Debug|Any CPU
		{8CB6F328-19DD-414E-8925-224894C76FF9}.Debug|Any CPU.ActiveCfg = Debug|Any CPU
		{8CB6F328-19DD-414E-8925-224894C76FF9}.Debug|Any CPU.Build.0 = Debug|Any CPU
		{8CB6F328-19DD-414E-8925-224894C76FF9}.Debug|iPhone.ActiveCfg = Debug|Any CPU
		{8CB6F328-19DD-414E-8925-224894C76FF9}.Debug|iPhone.Build.0 = Debug|Any CPU
		{8CB6F328-19DD-414E-8925-224894C76FF9}.Debug|iPhoneSimulator.ActiveCfg = Debug|Any CPU
		{8CB6F328-19DD-414E-8925-224894C76FF9}.Debug|iPhoneSimulator.Build.0 = Debug|Any CPU
		{8CB6F328-19DD-414E-8925-224894C76FF9}.Release|Any CPU.ActiveCfg = Release|Any CPU
		{8CB6F328-19DD-414E-8925-224894C76FF9}.Release|Any CPU.Build.0 = Release|Any CPU
		{8CB6F328-19DD-414E-8925-224894C76FF9}.Release|iPhone.ActiveCfg = Release|Any CPU
		{8CB6F328-19DD-414E-8925-224894C76FF9}.Release|iPhone.Build.0 = Release|Any CPU
		{8CB6F328-19DD-414E-8925-224894C76FF9}.Release|iPhoneSimulator.ActiveCfg = Release|Any CPU
		{8CB6F328-19DD-414E-8925-224894C76FF9}.Release|iPhoneSimulator.Build.0 = Release|Any CPU
		{884ACC36-012A-4AFC-AAAC-1A85B0D17616}.Ad-Hoc|Any CPU.ActiveCfg = Release|iPhone
		{884ACC36-012A-4AFC-AAAC-1A85B0D17616}.Ad-Hoc|Any CPU.Build.0 = Release|iPhone
		{884ACC36-012A-4AFC-AAAC-1A85B0D17616}.Ad-Hoc|iPhone.ActiveCfg = Release|iPhone
		{884ACC36-012A-4AFC-AAAC-1A85B0D17616}.Ad-Hoc|iPhone.Build.0 = Release|iPhone
		{884ACC36-012A-4AFC-AAAC-1A85B0D17616}.Ad-Hoc|iPhoneSimulator.ActiveCfg = Release|iPhone
		{884ACC36-012A-4AFC-AAAC-1A85B0D17616}.Ad-Hoc|iPhoneSimulator.Build.0 = Release|iPhone
		{884ACC36-012A-4AFC-AAAC-1A85B0D17616}.AppStore|Any CPU.ActiveCfg = Release|iPhone
		{884ACC36-012A-4AFC-AAAC-1A85B0D17616}.AppStore|Any CPU.Build.0 = Release|iPhone
		{884ACC36-012A-4AFC-AAAC-1A85B0D17616}.AppStore|iPhone.ActiveCfg = Release|iPhone
		{884ACC36-012A-4AFC-AAAC-1A85B0D17616}.AppStore|iPhone.Build.0 = Release|iPhone
		{884ACC36-012A-4AFC-AAAC-1A85B0D17616}.AppStore|iPhoneSimulator.ActiveCfg = Release|iPhone
		{884ACC36-012A-4AFC-AAAC-1A85B0D17616}.AppStore|iPhoneSimulator.Build.0 = Release|iPhone
		{884ACC36-012A-4AFC-AAAC-1A85B0D17616}.Debug|Any CPU.ActiveCfg = Debug|iPhone
		{884ACC36-012A-4AFC-AAAC-1A85B0D17616}.Debug|Any CPU.Build.0 = Debug|iPhone
		{884ACC36-012A-4AFC-AAAC-1A85B0D17616}.Debug|iPhone.ActiveCfg = Debug|iPhone
		{884ACC36-012A-4AFC-AAAC-1A85B0D17616}.Debug|iPhone.Build.0 = Debug|iPhone
		{884ACC36-012A-4AFC-AAAC-1A85B0D17616}.Debug|iPhoneSimulator.ActiveCfg = Debug|iPhoneSimulator
		{884ACC36-012A-4AFC-AAAC-1A85B0D17616}.Debug|iPhoneSimulator.Build.0 = Debug|iPhoneSimulator
		{884ACC36-012A-4AFC-AAAC-1A85B0D17616}.Release|Any CPU.ActiveCfg = Release|iPhoneSimulator
		{884ACC36-012A-4AFC-AAAC-1A85B0D17616}.Release|Any CPU.Build.0 = Release|iPhoneSimulator
		{884ACC36-012A-4AFC-AAAC-1A85B0D17616}.Release|iPhone.ActiveCfg = Release|iPhone
		{884ACC36-012A-4AFC-AAAC-1A85B0D17616}.Release|iPhone.Build.0 = Release|iPhone
		{884ACC36-012A-4AFC-AAAC-1A85B0D17616}.Release|iPhoneSimulator.ActiveCfg = Release|iPhoneSimulator
		{884ACC36-012A-4AFC-AAAC-1A85B0D17616}.Release|iPhoneSimulator.Build.0 = Release|iPhoneSimulator
		{20113951-5BD8-473F-BC70-7AF5F875C305}.Ad-Hoc|Any CPU.ActiveCfg = Release|Any CPU
		{20113951-5BD8-473F-BC70-7AF5F875C305}.Ad-Hoc|Any CPU.Build.0 = Release|Any CPU
		{20113951-5BD8-473F-BC70-7AF5F875C305}.Ad-Hoc|iPhone.ActiveCfg = Debug|Any CPU
		{20113951-5BD8-473F-BC70-7AF5F875C305}.Ad-Hoc|iPhone.Build.0 = Debug|Any CPU
		{20113951-5BD8-473F-BC70-7AF5F875C305}.Ad-Hoc|iPhoneSimulator.ActiveCfg = Release|Any CPU
		{20113951-5BD8-473F-BC70-7AF5F875C305}.Ad-Hoc|iPhoneSimulator.Build.0 = Release|Any CPU
		{20113951-5BD8-473F-BC70-7AF5F875C305}.AppStore|Any CPU.ActiveCfg = Release|Any CPU
		{20113951-5BD8-473F-BC70-7AF5F875C305}.AppStore|Any CPU.Build.0 = Release|Any CPU
		{20113951-5BD8-473F-BC70-7AF5F875C305}.AppStore|iPhone.ActiveCfg = Debug|Any CPU
		{20113951-5BD8-473F-BC70-7AF5F875C305}.AppStore|iPhone.Build.0 = Debug|Any CPU
		{20113951-5BD8-473F-BC70-7AF5F875C305}.AppStore|iPhoneSimulator.ActiveCfg = Release|Any CPU
		{20113951-5BD8-473F-BC70-7AF5F875C305}.AppStore|iPhoneSimulator.Build.0 = Release|Any CPU
		{20113951-5BD8-473F-BC70-7AF5F875C305}.Debug|Any CPU.ActiveCfg = Debug|Any CPU
		{20113951-5BD8-473F-BC70-7AF5F875C305}.Debug|Any CPU.Build.0 = Debug|Any CPU
		{20113951-5BD8-473F-BC70-7AF5F875C305}.Debug|iPhone.ActiveCfg = Debug|Any CPU
		{20113951-5BD8-473F-BC70-7AF5F875C305}.Debug|iPhone.Build.0 = Debug|Any CPU
		{20113951-5BD8-473F-BC70-7AF5F875C305}.Debug|iPhoneSimulator.ActiveCfg = Debug|Any CPU
		{20113951-5BD8-473F-BC70-7AF5F875C305}.Debug|iPhoneSimulator.Build.0 = Debug|Any CPU
		{20113951-5BD8-473F-BC70-7AF5F875C305}.Release|Any CPU.ActiveCfg = Release|Any CPU
		{20113951-5BD8-473F-BC70-7AF5F875C305}.Release|Any CPU.Build.0 = Release|Any CPU
		{20113951-5BD8-473F-BC70-7AF5F875C305}.Release|iPhone.ActiveCfg = Release|Any CPU
		{20113951-5BD8-473F-BC70-7AF5F875C305}.Release|iPhone.Build.0 = Release|Any CPU
		{20113951-5BD8-473F-BC70-7AF5F875C305}.Release|iPhoneSimulator.ActiveCfg = Release|Any CPU
		{20113951-5BD8-473F-BC70-7AF5F875C305}.Release|iPhoneSimulator.Build.0 = Release|Any CPU
		{24AEF988-DFC4-49B1-9343-6AB379CB5AAC}.Ad-Hoc|Any CPU.ActiveCfg = Release|Any CPU
		{24AEF988-DFC4-49B1-9343-6AB379CB5AAC}.Ad-Hoc|Any CPU.Build.0 = Release|Any CPU
		{24AEF988-DFC4-49B1-9343-6AB379CB5AAC}.Ad-Hoc|iPhone.ActiveCfg = Debug|Any CPU
		{24AEF988-DFC4-49B1-9343-6AB379CB5AAC}.Ad-Hoc|iPhone.Build.0 = Debug|Any CPU
		{24AEF988-DFC4-49B1-9343-6AB379CB5AAC}.Ad-Hoc|iPhoneSimulator.ActiveCfg = Release|Any CPU
		{24AEF988-DFC4-49B1-9343-6AB379CB5AAC}.Ad-Hoc|iPhoneSimulator.Build.0 = Release|Any CPU
		{24AEF988-DFC4-49B1-9343-6AB379CB5AAC}.AppStore|Any CPU.ActiveCfg = Release|Any CPU
		{24AEF988-DFC4-49B1-9343-6AB379CB5AAC}.AppStore|Any CPU.Build.0 = Release|Any CPU
		{24AEF988-DFC4-49B1-9343-6AB379CB5AAC}.AppStore|iPhone.ActiveCfg = Debug|Any CPU
		{24AEF988-DFC4-49B1-9343-6AB379CB5AAC}.AppStore|iPhone.Build.0 = Debug|Any CPU
		{24AEF988-DFC4-49B1-9343-6AB379CB5AAC}.AppStore|iPhoneSimulator.ActiveCfg = Release|Any CPU
		{24AEF988-DFC4-49B1-9343-6AB379CB5AAC}.AppStore|iPhoneSimulator.Build.0 = Release|Any CPU
		{24AEF988-DFC4-49B1-9343-6AB379CB5AAC}.Debug|Any CPU.ActiveCfg = Debug|Any CPU
		{24AEF988-DFC4-49B1-9343-6AB379CB5AAC}.Debug|Any CPU.Build.0 = Debug|Any CPU
		{24AEF988-DFC4-49B1-9343-6AB379CB5AAC}.Debug|iPhone.ActiveCfg = Debug|Any CPU
		{24AEF988-DFC4-49B1-9343-6AB379CB5AAC}.Debug|iPhone.Build.0 = Debug|Any CPU
		{24AEF988-DFC4-49B1-9343-6AB379CB5AAC}.Debug|iPhoneSimulator.ActiveCfg = Debug|Any CPU
		{24AEF988-DFC4-49B1-9343-6AB379CB5AAC}.Debug|iPhoneSimulator.Build.0 = Debug|Any CPU
		{24AEF988-DFC4-49B1-9343-6AB379CB5AAC}.Release|Any CPU.ActiveCfg = Release|Any CPU
		{24AEF988-DFC4-49B1-9343-6AB379CB5AAC}.Release|Any CPU.Build.0 = Release|Any CPU
		{24AEF988-DFC4-49B1-9343-6AB379CB5AAC}.Release|iPhone.ActiveCfg = Release|Any CPU
		{24AEF988-DFC4-49B1-9343-6AB379CB5AAC}.Release|iPhone.Build.0 = Release|Any CPU
		{24AEF988-DFC4-49B1-9343-6AB379CB5AAC}.Release|iPhoneSimulator.ActiveCfg = Release|Any CPU
		{24AEF988-DFC4-49B1-9343-6AB379CB5AAC}.Release|iPhoneSimulator.Build.0 = Release|Any CPU
		{F2C69001-7FA1-4A03-A434-ABF1AF43FF9E}.Ad-Hoc|Any CPU.ActiveCfg = Release|Any CPU
		{F2C69001-7FA1-4A03-A434-ABF1AF43FF9E}.Ad-Hoc|Any CPU.Build.0 = Release|Any CPU
		{F2C69001-7FA1-4A03-A434-ABF1AF43FF9E}.Ad-Hoc|iPhone.ActiveCfg = Debug|Any CPU
		{F2C69001-7FA1-4A03-A434-ABF1AF43FF9E}.Ad-Hoc|iPhone.Build.0 = Debug|Any CPU
		{F2C69001-7FA1-4A03-A434-ABF1AF43FF9E}.Ad-Hoc|iPhoneSimulator.ActiveCfg = Release|Any CPU
		{F2C69001-7FA1-4A03-A434-ABF1AF43FF9E}.Ad-Hoc|iPhoneSimulator.Build.0 = Release|Any CPU
		{F2C69001-7FA1-4A03-A434-ABF1AF43FF9E}.AppStore|Any CPU.ActiveCfg = Release|Any CPU
		{F2C69001-7FA1-4A03-A434-ABF1AF43FF9E}.AppStore|Any CPU.Build.0 = Release|Any CPU
		{F2C69001-7FA1-4A03-A434-ABF1AF43FF9E}.AppStore|iPhone.ActiveCfg = Debug|Any CPU
		{F2C69001-7FA1-4A03-A434-ABF1AF43FF9E}.AppStore|iPhone.Build.0 = Debug|Any CPU
		{F2C69001-7FA1-4A03-A434-ABF1AF43FF9E}.AppStore|iPhoneSimulator.ActiveCfg = Release|Any CPU
		{F2C69001-7FA1-4A03-A434-ABF1AF43FF9E}.AppStore|iPhoneSimulator.Build.0 = Release|Any CPU
		{F2C69001-7FA1-4A03-A434-ABF1AF43FF9E}.Debug|Any CPU.ActiveCfg = Debug|Any CPU
		{F2C69001-7FA1-4A03-A434-ABF1AF43FF9E}.Debug|Any CPU.Build.0 = Debug|Any CPU
		{F2C69001-7FA1-4A03-A434-ABF1AF43FF9E}.Debug|iPhone.ActiveCfg = Debug|Any CPU
		{F2C69001-7FA1-4A03-A434-ABF1AF43FF9E}.Debug|iPhone.Build.0 = Debug|Any CPU
		{F2C69001-7FA1-4A03-A434-ABF1AF43FF9E}.Debug|iPhoneSimulator.ActiveCfg = Debug|Any CPU
		{F2C69001-7FA1-4A03-A434-ABF1AF43FF9E}.Debug|iPhoneSimulator.Build.0 = Debug|Any CPU
		{F2C69001-7FA1-4A03-A434-ABF1AF43FF9E}.Release|Any CPU.ActiveCfg = Release|Any CPU
		{F2C69001-7FA1-4A03-A434-ABF1AF43FF9E}.Release|Any CPU.Build.0 = Release|Any CPU
		{F2C69001-7FA1-4A03-A434-ABF1AF43FF9E}.Release|iPhone.ActiveCfg = Release|Any CPU
		{F2C69001-7FA1-4A03-A434-ABF1AF43FF9E}.Release|iPhone.Build.0 = Release|Any CPU
		{F2C69001-7FA1-4A03-A434-ABF1AF43FF9E}.Release|iPhoneSimulator.ActiveCfg = Release|Any CPU
		{F2C69001-7FA1-4A03-A434-ABF1AF43FF9E}.Release|iPhoneSimulator.Build.0 = Release|Any CPU
		{FFA26D19-CF18-4BE2-8432-28C3D6C50A24}.Ad-Hoc|Any CPU.ActiveCfg = Debug|Any CPU
		{FFA26D19-CF18-4BE2-8432-28C3D6C50A24}.Ad-Hoc|Any CPU.Build.0 = Debug|Any CPU
		{FFA26D19-CF18-4BE2-8432-28C3D6C50A24}.Ad-Hoc|iPhone.ActiveCfg = Debug|Any CPU
		{FFA26D19-CF18-4BE2-8432-28C3D6C50A24}.Ad-Hoc|iPhone.Build.0 = Debug|Any CPU
		{FFA26D19-CF18-4BE2-8432-28C3D6C50A24}.Ad-Hoc|iPhoneSimulator.ActiveCfg = Debug|Any CPU
		{FFA26D19-CF18-4BE2-8432-28C3D6C50A24}.Ad-Hoc|iPhoneSimulator.Build.0 = Debug|Any CPU
		{FFA26D19-CF18-4BE2-8432-28C3D6C50A24}.AppStore|Any CPU.ActiveCfg = Debug|Any CPU
		{FFA26D19-CF18-4BE2-8432-28C3D6C50A24}.AppStore|Any CPU.Build.0 = Debug|Any CPU
		{FFA26D19-CF18-4BE2-8432-28C3D6C50A24}.AppStore|iPhone.ActiveCfg = Debug|Any CPU
		{FFA26D19-CF18-4BE2-8432-28C3D6C50A24}.AppStore|iPhone.Build.0 = Debug|Any CPU
		{FFA26D19-CF18-4BE2-8432-28C3D6C50A24}.AppStore|iPhoneSimulator.ActiveCfg = Debug|Any CPU
		{FFA26D19-CF18-4BE2-8432-28C3D6C50A24}.AppStore|iPhoneSimulator.Build.0 = Debug|Any CPU
		{FFA26D19-CF18-4BE2-8432-28C3D6C50A24}.Debug|Any CPU.ActiveCfg = Debug|Any CPU
		{FFA26D19-CF18-4BE2-8432-28C3D6C50A24}.Debug|Any CPU.Build.0 = Debug|Any CPU
		{FFA26D19-CF18-4BE2-8432-28C3D6C50A24}.Debug|iPhone.ActiveCfg = Debug|Any CPU
		{FFA26D19-CF18-4BE2-8432-28C3D6C50A24}.Debug|iPhone.Build.0 = Debug|Any CPU
		{FFA26D19-CF18-4BE2-8432-28C3D6C50A24}.Debug|iPhoneSimulator.ActiveCfg = Debug|Any CPU
		{FFA26D19-CF18-4BE2-8432-28C3D6C50A24}.Debug|iPhoneSimulator.Build.0 = Debug|Any CPU
		{FFA26D19-CF18-4BE2-8432-28C3D6C50A24}.Release|Any CPU.ActiveCfg = Release|Any CPU
		{FFA26D19-CF18-4BE2-8432-28C3D6C50A24}.Release|Any CPU.Build.0 = Release|Any CPU
		{FFA26D19-CF18-4BE2-8432-28C3D6C50A24}.Release|iPhone.ActiveCfg = Release|Any CPU
		{FFA26D19-CF18-4BE2-8432-28C3D6C50A24}.Release|iPhone.Build.0 = Release|Any CPU
		{FFA26D19-CF18-4BE2-8432-28C3D6C50A24}.Release|iPhoneSimulator.ActiveCfg = Release|Any CPU
		{FFA26D19-CF18-4BE2-8432-28C3D6C50A24}.Release|iPhoneSimulator.Build.0 = Release|Any CPU
	EndGlobalSection
	GlobalSection(SolutionProperties) = preSolution
		HideSolutionNode = FALSE
	EndGlobalSection
	GlobalSection(ExtensibilityGlobals) = postSolution
		SolutionGuid = {6D6F17FF-22D8-43CA-AF15-D75F3AADD942}
	EndGlobalSection
	GlobalSection(MonoDevelopProperties) = preSolution
		Policies = $0
		$0.DotNetNamingPolicy = $1
		$1.DirectoryNamespaceAssociation = PrefixedHierarchical
		$0.VersionControlPolicy = $2
	EndGlobalSection
EndGlobal
